
Microsoft Visual Studio Solution File, Format Version 12.00
Project("{FAE04EC0-301F-11D3-BF4B-00C04F79EFBC}") = "MeasurementService", "MeasurementService\MeasurementService.csproj", "{00CC5182-C8C6-4B3C-B5C8-629E385F2905}"
EndProject
Project("{FAE04EC0-301F-11D3-BF4B-00C04F79EFBC}") = "PatientService", "PatientService\PatientService.csproj", "{1748D850-2AE5-4F70-BDAA-81B7E6BB69CC}"
EndProject
Project("{FAE04EC0-301F-11D3-BF4B-00C04F79EFBC}") = "PatientUI", "PatientUI\PatientUI.csproj", "{D8002936-8C42-4552-B538-5A89A1F56285}"
EndProject
Project("{FAE04EC0-301F-11D3-BF4B-00C04F79EFBC}") = "DoctorUI", "DoctorUI\DoctorUI.csproj", "{2979A476-4C16-4B3F-A9A1-06AB3E0CED39}"
EndProject
Project("{FAE04EC0-301F-11D3-BF4B-00C04F79EFBC}") = "Monitoring", "Monitoring\Monitoring.csproj", "{29984B6D-A89B-4921-A597-800708138EB5}"
EndProject
Project("{FAE04EC0-301F-11D3-BF4B-00C04F79EFBC}") = "FeatureHub", "FeatureHub\FeatureHub.csproj", "{899DF7A4-3111-4767-AAD7-41042038E90D}"
EndProject
Project("{FAE04EC0-301F-11D3-BF4B-00C04F79EFBC}") = "UnitTests", "UnitTests\UnitTests.csproj", "{6FA13450-ACA2-4A1D-9130-2AFBF696ECE8}"
EndProject
Global
	GlobalSection(SolutionConfigurationPlatforms) = preSolution
		Debug|Any CPU = Debug|Any CPU
		Release|Any CPU = Release|Any CPU
	EndGlobalSection
	GlobalSection(ProjectConfigurationPlatforms) = postSolution
		{00CC5182-C8C6-4B3C-B5C8-629E385F2905}.Debug|Any CPU.ActiveCfg = Debug|Any CPU
		{00CC5182-C8C6-4B3C-B5C8-629E385F2905}.Debug|Any CPU.Build.0 = Debug|Any CPU
		{00CC5182-C8C6-4B3C-B5C8-629E385F2905}.Release|Any CPU.ActiveCfg = Release|Any CPU
		{00CC5182-C8C6-4B3C-B5C8-629E385F2905}.Release|Any CPU.Build.0 = Release|Any CPU
		{1748D850-2AE5-4F70-BDAA-81B7E6BB69CC}.Debug|Any CPU.ActiveCfg = Debug|Any CPU
		{1748D850-2AE5-4F70-BDAA-81B7E6BB69CC}.Debug|Any CPU.Build.0 = Debug|Any CPU
		{1748D850-2AE5-4F70-BDAA-81B7E6BB69CC}.Release|Any CPU.ActiveCfg = Release|Any CPU
		{1748D850-2AE5-4F70-BDAA-81B7E6BB69CC}.Release|Any CPU.Build.0 = Release|Any CPU
		{D8002936-8C42-4552-B538-5A89A1F56285}.Debug|Any CPU.ActiveCfg = Debug|Any CPU
		{D8002936-8C42-4552-B538-5A89A1F56285}.Debug|Any CPU.Build.0 = Debug|Any CPU
		{D8002936-8C42-4552-B538-5A89A1F56285}.Release|Any CPU.ActiveCfg = Release|Any CPU
		{D8002936-8C42-4552-B538-5A89A1F56285}.Release|Any CPU.Build.0 = Release|Any CPU
		{2979A476-4C16-4B3F-A9A1-06AB3E0CED39}.Debug|Any CPU.ActiveCfg = Debug|Any CPU
		{2979A476-4C16-4B3F-A9A1-06AB3E0CED39}.Debug|Any CPU.Build.0 = Debug|Any CPU
		{2979A476-4C16-4B3F-A9A1-06AB3E0CED39}.Release|Any CPU.ActiveCfg = Release|Any CPU
		{2979A476-4C16-4B3F-A9A1-06AB3E0CED39}.Release|Any CPU.Build.0 = Release|Any CPU
		{29984B6D-A89B-4921-A597-800708138EB5}.Debug|Any CPU.ActiveCfg = Debug|Any CPU
		{29984B6D-A89B-4921-A597-800708138EB5}.Debug|Any CPU.Build.0 = Debug|Any CPU
		{29984B6D-A89B-4921-A597-800708138EB5}.Release|Any CPU.ActiveCfg = Release|Any CPU
		{29984B6D-A89B-4921-A597-800708138EB5}.Release|Any CPU.Build.0 = Release|Any CPU
		{899DF7A4-3111-4767-AAD7-41042038E90D}.Debug|Any CPU.ActiveCfg = Debug|Any CPU
		{899DF7A4-3111-4767-AAD7-41042038E90D}.Debug|Any CPU.Build.0 = Debug|Any CPU
		{899DF7A4-3111-4767-AAD7-41042038E90D}.Release|Any CPU.ActiveCfg = Release|Any CPU
		{899DF7A4-3111-4767-AAD7-41042038E90D}.Release|Any CPU.Build.0 = Release|Any CPU
		{6FA13450-ACA2-4A1D-9130-2AFBF696ECE8}.Debug|Any CPU.ActiveCfg = Debug|Any CPU
		{6FA13450-ACA2-4A1D-9130-2AFBF696ECE8}.Debug|Any CPU.Build.0 = Debug|Any CPU
		{6FA13450-ACA2-4A1D-9130-2AFBF696ECE8}.Release|Any CPU.ActiveCfg = Release|Any CPU
		{6FA13450-ACA2-4A1D-9130-2AFBF696ECE8}.Release|Any CPU.Build.0 = Release|Any CPU
	EndGlobalSection
EndGlobal
