
Microsoft Visual Studio Solution File, Format Version 12.00
Project("{FAE04EC0-301F-11D3-BF4B-00C04F79EFBC}") = "MeasurementService", "MeasurementService\MeasurementService.csproj", "{00CC5182-C8C6-4B3C-B5C8-629E385F2905}"
EndProject
Project("{FAE04EC0-301F-11D3-BF4B-00C04F79EFBC}") = "PatientService", "PatientService\PatientService.csproj", "{1748D850-2AE5-4F70-BDAA-81B7E6BB69CC}"
EndProject
Global
	GlobalSection(SolutionConfigurationPlatforms) = preSolution
		Debug|Any CPU = Debug|Any CPU
		Release|Any CPU = Release|Any CPU
	EndGlobalSection
	GlobalSection(ProjectConfigurationPlatforms) = postSolution
		{00CC5182-C8C6-4B3C-B5C8-629E385F2905}.Debug|Any CPU.ActiveCfg = Debug|Any CPU
		{00CC5182-C8C6-4B3C-B5C8-629E385F2905}.Debug|Any CPU.Build.0 = Debug|Any CPU
		{00CC5182-C8C6-4B3C-B5C8-629E385F2905}.Release|Any CPU.ActiveCfg = Release|Any CPU
		{00CC5182-C8C6-4B3C-B5C8-629E385F2905}.Release|Any CPU.Build.0 = Release|Any CPU
		{1748D850-2AE5-4F70-BDAA-81B7E6BB69CC}.Debug|Any CPU.ActiveCfg = Debug|Any CPU
		{1748D850-2AE5-4F70-BDAA-81B7E6BB69CC}.Debug|Any CPU.Build.0 = Debug|Any CPU
		{1748D850-2AE5-4F70-BDAA-81B7E6BB69CC}.Release|Any CPU.ActiveCfg = Release|Any CPU
		{1748D850-2AE5-4F70-BDAA-81B7E6BB69CC}.Release|Any CPU.Build.0 = Release|Any CPU
	EndGlobalSection
EndGlobal
